# THIS IS AN AUTOGENERATED FILE. DO NOT EDIT THIS FILE DIRECTLY.
# yarn lockfile v1


perfect-scrollbar@^1.5.2, perfect-scrollbar@^1.5.5:
  version "1.5.5"
  resolved "https://registry.yarnpkg.com/perfect-scrollbar/-/perfect-scrollbar-1.5.5.tgz#41a211a2fb52a7191eff301432134ea47052b27f"
  integrity sha512-dzalfutyP3e/FOpdlhVryN4AJ5XDVauVWxybSkLZmakFE2sS3y3pc4JnSprw8tGmHvkaG5Edr5T7LBTZ+WWU2g==

vue3-perfect-scrollbar-z@^1.0.0:
  version "1.0.0"
  resolved "https://registry.yarnpkg.com/vue3-perfect-scrollbar-z/-/vue3-perfect-scrollbar-z-1.0.0.tgz#d9898c0ee51f190279fa913adc7eff077bf7d68f"
  integrity sha512-SiZ0TS2FUy6AFNu63PDLvbrdUjmOxPKPS/C8kqx5HEhagADMNehhaIki5saeUvOWjn2hYQZMaDBsIpKfqZza2g==
  dependencies:
    perfect-scrollbar "^1.5.2"

vue3-perfect-scrollbar@^2.0.0:
  version "2.0.0"
  resolved "https://registry.yarnpkg.com/vue3-perfect-scrollbar/-/vue3-perfect-scrollbar-2.0.0.tgz#51cedf1090d731ec7cc8163067e348867de0aa69"
  integrity sha512-nSWVcRyViCgt0Pe3RhU3w/BllLcFSrEzYOGlRBjSyhVmiZlERHHziffW+9P8L0IMEWouC5t+uYrgNJGSAElqMA==
  dependencies:
    perfect-scrollbar "^1.5.5"
